
Microsoft Visual Studio Solution File, Format Version 12.00
# Visual Studio Version 16
VisualStudioVersion = 16.0.30523.141
MinimumVisualStudioVersion = 10.0.40219.1
Project("{FAE04EC0-301F-11D3-BF4B-00C04F79EFBC}") = "EmployeeApp", "EmployeeApp\EmployeeApp.csproj", "{C9AAA326-CAB9-4BD3-ADE5-8126B2893F53}"
EndProject
Project("{FAE04EC0-301F-11D3-BF4B-00C04F79EFBC}") = "EmployeeApp.DataObjects", "EmployeeApp.DataObjects\EmployeeApp.DataObjects.csproj", "{3D2CB066-9A18-4E90-B061-117F20AAFC97}"
EndProject
Project("{FAE04EC0-301F-11D3-BF4B-00C04F79EFBC}") = "EmployeeApp.DTO", "EmployeeApp.DTO\EmployeeApp.DTO.csproj", "{FDE08576-8C19-457E-9572-DE2B640C591C}"
EndProject
Global
	GlobalSection(SolutionConfigurationPlatforms) = preSolution
		Debug|Any CPU = Debug|Any CPU
		Release|Any CPU = Release|Any CPU
	EndGlobalSection
	GlobalSection(ProjectConfigurationPlatforms) = postSolution
		{C9AAA326-CAB9-4BD3-ADE5-8126B2893F53}.Debug|Any CPU.ActiveCfg = Debug|Any CPU
		{C9AAA326-CAB9-4BD3-ADE5-8126B2893F53}.Debug|Any CPU.Build.0 = Debug|Any CPU
		{C9AAA326-CAB9-4BD3-ADE5-8126B2893F53}.Release|Any CPU.ActiveCfg = Release|Any CPU
		{C9AAA326-CAB9-4BD3-ADE5-8126B2893F53}.Release|Any CPU.Build.0 = Release|Any CPU
		{3D2CB066-9A18-4E90-B061-117F20AAFC97}.Debug|Any CPU.ActiveCfg = Debug|Any CPU
		{3D2CB066-9A18-4E90-B061-117F20AAFC97}.Debug|Any CPU.Build.0 = Debug|Any CPU
		{3D2CB066-9A18-4E90-B061-117F20AAFC97}.Release|Any CPU.ActiveCfg = Release|Any CPU
		{3D2CB066-9A18-4E90-B061-117F20AAFC97}.Release|Any CPU.Build.0 = Release|Any CPU
		{FDE08576-8C19-457E-9572-DE2B640C591C}.Debug|Any CPU.ActiveCfg = Debug|Any CPU
		{FDE08576-8C19-457E-9572-DE2B640C591C}.Debug|Any CPU.Build.0 = Debug|Any CPU
		{FDE08576-8C19-457E-9572-DE2B640C591C}.Release|Any CPU.ActiveCfg = Release|Any CPU
		{FDE08576-8C19-457E-9572-DE2B640C591C}.Release|Any CPU.Build.0 = Release|Any CPU
	EndGlobalSection
	GlobalSection(SolutionProperties) = preSolution
		HideSolutionNode = FALSE
	EndGlobalSection
	GlobalSection(ExtensibilityGlobals) = postSolution
		SolutionGuid = {7EE57399-1D59-4F8A-9385-3582A528C01E}
	EndGlobalSection
EndGlobal
